
Microsoft Visual Studio Solution File, Format Version 12.00
# Visual Studio Version 16
VisualStudioVersion = 16.0.29009.5
MinimumVisualStudioVersion = 10.0.40219.1
Project("{FAE04EC0-301F-11D3-BF4B-00C04F79EFBC}") = "COMP123-S2019-Lab10-300613283", "COMP123-S2019-Lab10-300613283\COMP123-S2019-Lab10-300613283.csproj", "{C49796B5-2434-4D9F-BE03-3CDB48E9F30A}"
EndProject
Global
	GlobalSection(SolutionConfigurationPlatforms) = preSolution
		Debug|Any CPU = Debug|Any CPU
		Release|Any CPU = Release|Any CPU
	EndGlobalSection
	GlobalSection(ProjectConfigurationPlatforms) = postSolution
		{C49796B5-2434-4D9F-BE03-3CDB48E9F30A}.Debug|Any CPU.ActiveCfg = Debug|Any CPU
		{C49796B5-2434-4D9F-BE03-3CDB48E9F30A}.Debug|Any CPU.Build.0 = Debug|Any CPU
		{C49796B5-2434-4D9F-BE03-3CDB48E9F30A}.Release|Any CPU.ActiveCfg = Release|Any CPU
		{C49796B5-2434-4D9F-BE03-3CDB48E9F30A}.Release|Any CPU.Build.0 = Release|Any CPU
	EndGlobalSection
	GlobalSection(SolutionProperties) = preSolution
		HideSolutionNode = FALSE
	EndGlobalSection
	GlobalSection(ExtensibilityGlobals) = postSolution
		SolutionGuid = {CFF48447-7A75-4596-8752-881B3018DA76}
	EndGlobalSection
EndGlobal
